
Microsoft Visual Studio Solution File, Format Version 12.00
Project("{2150E333-8FDC-42A3-9474-1A3956D46DE8}") = "src", "src", "{AEA4F407-B040-4194-9A79-2A082555666B}"
EndProject
Project("{2150E333-8FDC-42A3-9474-1A3956D46DE8}") = "application", "application", "{3EACB6EA-2D29-4E37-BA75-E1B28D00CD29}"
EndProject
Project("{2150E333-8FDC-42A3-9474-1A3956D46DE8}") = "bff", "bff", "{2BF94D53-234D-428F-BB8E-48008CC3DDBD}"
EndProject
Project("{FAE04EC0-301F-11D3-BF4B-00C04F79EFBC}") = "Booky.Domain", "src\application\Booky.Domain\Booky.Domain.csproj", "{29C26476-AFDE-4FF2-A822-B9D2D618393A}"
EndProject
Project("{FAE04EC0-301F-11D3-BF4B-00C04F79EFBC}") = "Booky.Business", "src\application\Booky.Business\Booky.Business.csproj", "{3C189483-AB52-405A-B613-023590BD31D1}"
EndProject
Project("{FAE04EC0-301F-11D3-BF4B-00C04F79EFBC}") = "Booky.Common", "src\application\Booky.Common\Booky.Common.csproj", "{E6071847-7237-42D6-AA5F-5282FEAFE3A4}"
EndProject
Project("{FAE04EC0-301F-11D3-BF4B-00C04F79EFBC}") = "Booky.Core", "src\application\Booky.Core\Booky.Core.csproj", "{E99D8C53-9BE1-4D0B-A92D-D2EC92251BA1}"
EndProject
Project("{FAE04EC0-301F-11D3-BF4B-00C04F79EFBC}") = "Booky.Infrastructure", "src\application\Booky.Infrastructure\Booky.Infrastructure.csproj", "{D9767ABD-5658-49A9-A966-13D02DB81D61}"
EndProject
Project("{FAE04EC0-301F-11D3-BF4B-00C04F79EFBC}") = "Booky.Repository", "src\application\Booky.Repository\Booky.Repository.csproj", "{352CBE9D-604C-42A8-BF9E-DB6371FCA8E5}"
EndProject
Project("{FAE04EC0-301F-11D3-BF4B-00C04F79EFBC}") = "Booky.API", "src\bff\Booky.API\Booky.API.csproj", "{C1362F8C-99D9-4B0F-89DB-41D9B35BA1BB}"
EndProject
Global
	GlobalSection(SolutionConfigurationPlatforms) = preSolution
		Debug|Any CPU = Debug|Any CPU
		Release|Any CPU = Release|Any CPU
	EndGlobalSection
	GlobalSection(NestedProjects) = preSolution
		{3EACB6EA-2D29-4E37-BA75-E1B28D00CD29} = {AEA4F407-B040-4194-9A79-2A082555666B}
		{2BF94D53-234D-428F-BB8E-48008CC3DDBD} = {AEA4F407-B040-4194-9A79-2A082555666B}
		{29C26476-AFDE-4FF2-A822-B9D2D618393A} = {3EACB6EA-2D29-4E37-BA75-E1B28D00CD29}
		{3C189483-AB52-405A-B613-023590BD31D1} = {3EACB6EA-2D29-4E37-BA75-E1B28D00CD29}
		{E6071847-7237-42D6-AA5F-5282FEAFE3A4} = {3EACB6EA-2D29-4E37-BA75-E1B28D00CD29}
		{E99D8C53-9BE1-4D0B-A92D-D2EC92251BA1} = {3EACB6EA-2D29-4E37-BA75-E1B28D00CD29}
		{D9767ABD-5658-49A9-A966-13D02DB81D61} = {3EACB6EA-2D29-4E37-BA75-E1B28D00CD29}
		{352CBE9D-604C-42A8-BF9E-DB6371FCA8E5} = {3EACB6EA-2D29-4E37-BA75-E1B28D00CD29}
		{C1362F8C-99D9-4B0F-89DB-41D9B35BA1BB} = {2BF94D53-234D-428F-BB8E-48008CC3DDBD}
	EndGlobalSection
	GlobalSection(ProjectConfigurationPlatforms) = postSolution
		{29C26476-AFDE-4FF2-A822-B9D2D618393A}.Debug|Any CPU.ActiveCfg = Debug|Any CPU
		{29C26476-AFDE-4FF2-A822-B9D2D618393A}.Debug|Any CPU.Build.0 = Debug|Any CPU
		{29C26476-AFDE-4FF2-A822-B9D2D618393A}.Release|Any CPU.ActiveCfg = Release|Any CPU
		{29C26476-AFDE-4FF2-A822-B9D2D618393A}.Release|Any CPU.Build.0 = Release|Any CPU
		{3C189483-AB52-405A-B613-023590BD31D1}.Debug|Any CPU.ActiveCfg = Debug|Any CPU
		{3C189483-AB52-405A-B613-023590BD31D1}.Debug|Any CPU.Build.0 = Debug|Any CPU
		{3C189483-AB52-405A-B613-023590BD31D1}.Release|Any CPU.ActiveCfg = Release|Any CPU
		{3C189483-AB52-405A-B613-023590BD31D1}.Release|Any CPU.Build.0 = Release|Any CPU
		{E6071847-7237-42D6-AA5F-5282FEAFE3A4}.Debug|Any CPU.ActiveCfg = Debug|Any CPU
		{E6071847-7237-42D6-AA5F-5282FEAFE3A4}.Debug|Any CPU.Build.0 = Debug|Any CPU
		{E6071847-7237-42D6-AA5F-5282FEAFE3A4}.Release|Any CPU.ActiveCfg = Release|Any CPU
		{E6071847-7237-42D6-AA5F-5282FEAFE3A4}.Release|Any CPU.Build.0 = Release|Any CPU
		{E99D8C53-9BE1-4D0B-A92D-D2EC92251BA1}.Debug|Any CPU.ActiveCfg = Debug|Any CPU
		{E99D8C53-9BE1-4D0B-A92D-D2EC92251BA1}.Debug|Any CPU.Build.0 = Debug|Any CPU
		{E99D8C53-9BE1-4D0B-A92D-D2EC92251BA1}.Release|Any CPU.ActiveCfg = Release|Any CPU
		{E99D8C53-9BE1-4D0B-A92D-D2EC92251BA1}.Release|Any CPU.Build.0 = Release|Any CPU
		{D9767ABD-5658-49A9-A966-13D02DB81D61}.Debug|Any CPU.ActiveCfg = Debug|Any CPU
		{D9767ABD-5658-49A9-A966-13D02DB81D61}.Debug|Any CPU.Build.0 = Debug|Any CPU
		{D9767ABD-5658-49A9-A966-13D02DB81D61}.Release|Any CPU.ActiveCfg = Release|Any CPU
		{D9767ABD-5658-49A9-A966-13D02DB81D61}.Release|Any CPU.Build.0 = Release|Any CPU
		{352CBE9D-604C-42A8-BF9E-DB6371FCA8E5}.Debug|Any CPU.ActiveCfg = Debug|Any CPU
		{352CBE9D-604C-42A8-BF9E-DB6371FCA8E5}.Debug|Any CPU.Build.0 = Debug|Any CPU
		{352CBE9D-604C-42A8-BF9E-DB6371FCA8E5}.Release|Any CPU.ActiveCfg = Release|Any CPU
		{352CBE9D-604C-42A8-BF9E-DB6371FCA8E5}.Release|Any CPU.Build.0 = Release|Any CPU
		{C1362F8C-99D9-4B0F-89DB-41D9B35BA1BB}.Debug|Any CPU.ActiveCfg = Debug|Any CPU
		{C1362F8C-99D9-4B0F-89DB-41D9B35BA1BB}.Debug|Any CPU.Build.0 = Debug|Any CPU
		{C1362F8C-99D9-4B0F-89DB-41D9B35BA1BB}.Release|Any CPU.ActiveCfg = Release|Any CPU
		{C1362F8C-99D9-4B0F-89DB-41D9B35BA1BB}.Release|Any CPU.Build.0 = Release|Any CPU
	EndGlobalSection
EndGlobal
